<?xml version="1.0" encoding="UTF-8"?>
<!DOCTYPE plist PUBLIC "-//Apple//DTD PLIST 1.0//EN" "http://www.apple.com/DTDs/PropertyList-1.0.dtd">
<plist version="1.0">
<dict>
	<key>archiveVersion</key>
	<string>1</string>
	<key>classes</key>
	<dict/>
	<key>objectVersion</key>
	<string>46</string>
	<key>objects</key>
	<dict>
		<key>0CA22322F6EEDF65D2F72499</key>
		<dict>
			<key>buildActionMask</key>
			<string>2147483647</string>
			<key>files</key>
			<array/>
			<key>inputPaths</key>
			<array/>
			<key>isa</key>
			<string>PBXShellScriptBuildPhase</string>
			<key>name</key>
			<string>[CP] Copy Pods Resources</string>
			<key>outputPaths</key>
			<array/>
			<key>runOnlyForDeploymentPostprocessing</key>
			<string>0</string>
			<key>shellPath</key>
			<string>/bin/sh</string>
			<key>shellScript</key>
			<string>"${SRCROOT}/Pods/Target Support Files/Pods-VehicleAttributes/Pods-VehicleAttributes-resources.sh"
</string>
			<key>showEnvVarsInLog</key>
			<string>0</string>
		</dict>
		<key>27688775067C87427ED0471B</key>
		<dict>
			<key>children</key>
			<array>
				<string>7810430DDD4D8147E13DDEDB</string>
				<string>B42B8C0F42636D0B348DDCA9</string>
			</array>
			<key>isa</key>
			<string>PBXGroup</string>
			<key>name</key>
			<string>Pods</string>
			<key>sourceTree</key>
			<string>&lt;group&gt;</string>
		</dict>
		<key>2BB91ABF75A2D3F565837187</key>
		<dict>
			<key>children</key>
			<array>
				<string>CF51C587E068BBF31613E985</string>
			</array>
			<key>isa</key>
			<string>PBXGroup</string>
			<key>name</key>
			<string>Frameworks</string>
			<key>sourceTree</key>
			<string>&lt;group&gt;</string>
		</dict>
		<key>7810430DDD4D8147E13DDEDB</key>
		<dict>
			<key>includeInIndex</key>
			<string>1</string>
			<key>isa</key>
			<string>PBXFileReference</string>
			<key>lastKnownFileType</key>
			<string>text.xcconfig</string>
			<key>name</key>
			<string>Pods-VehicleAttributes.debug.xcconfig</string>
			<key>path</key>
			<string>Pods/Target Support Files/Pods-VehicleAttributes/Pods-VehicleAttributes.debug.xcconfig</string>
			<key>sourceTree</key>
			<string>&lt;group&gt;</string>
		</dict>
		<key>817218EFC354547CE05D6FD9</key>
		<dict>
			<key>buildActionMask</key>
			<string>2147483647</string>
			<key>files</key>
			<array/>
			<key>inputPaths</key>
			<array/>
			<key>isa</key>
			<string>PBXShellScriptBuildPhase</string>
			<key>name</key>
			<string>[CP] Check Pods Manifest.lock</string>
			<key>outputPaths</key>
			<array/>
			<key>runOnlyForDeploymentPostprocessing</key>
			<string>0</string>
			<key>shellPath</key>
			<string>/bin/sh</string>
			<key>shellScript</key>
			<string>diff "${PODS_ROOT}/../Podfile.lock" "${PODS_ROOT}/Manifest.lock" &gt; /dev/null
if [ $? != 0 ] ; then
    # print error to STDERR
    echo "error: The sandbox is not in sync with the Podfile.lock. Run 'pod install' or update your CocoaPods installation." &gt;&amp;2
    exit 1
fi
</string>
			<key>showEnvVarsInLog</key>
			<string>0</string>
		</dict>
		<key>A9E31FAEAC1A9E8121F72753</key>
		<dict>
			<key>fileRef</key>
			<string>CF51C587E068BBF31613E985</string>
			<key>isa</key>
			<string>PBXBuildFile</string>
		</dict>
		<key>AC9824C5773D4F9A48A26018</key>
		<dict>
			<key>buildActionMask</key>
			<string>2147483647</string>
			<key>files</key>
			<array/>
			<key>inputPaths</key>
			<array/>
			<key>isa</key>
			<string>PBXShellScriptBuildPhase</string>
			<key>name</key>
			<string>[CP] Embed Pods Frameworks</string>
			<key>outputPaths</key>
			<array/>
			<key>runOnlyForDeploymentPostprocessing</key>
			<string>0</string>
			<key>shellPath</key>
			<string>/bin/sh</string>
			<key>shellScript</key>
			<string>"${SRCROOT}/Pods/Target Support Files/Pods-VehicleAttributes/Pods-VehicleAttributes-frameworks.sh"
</string>
			<key>showEnvVarsInLog</key>
			<string>0</string>
		</dict>
		<key>B42B8C0F42636D0B348DDCA9</key>
		<dict>
			<key>includeInIndex</key>
			<string>1</string>
			<key>isa</key>
			<string>PBXFileReference</string>
			<key>lastKnownFileType</key>
			<string>text.xcconfig</string>
			<key>name</key>
			<string>Pods-VehicleAttributes.release.xcconfig</string>
			<key>path</key>
			<string>Pods/Target Support Files/Pods-VehicleAttributes/Pods-VehicleAttributes.release.xcconfig</string>
			<key>sourceTree</key>
			<string>&lt;group&gt;</string>
		</dict>
		<key>CF51C587E068BBF31613E985</key>
		<dict>
			<key>explicitFileType</key>
			<string>wrapper.framework</string>
			<key>includeInIndex</key>
			<string>0</string>
			<key>isa</key>
			<string>PBXFileReference</string>
			<key>path</key>
			<string>Pods_VehicleAttributes.framework</string>
			<key>sourceTree</key>
			<string>BUILT_PRODUCTS_DIR</string>
		</dict>
		<key>E00EE7FF1E2ACE0D00B947FD</key>
		<dict>
			<key>children</key>
			<array>
				<string>2BB91ABF75A2D3F565837187</string>
				<string>27688775067C87427ED0471B</string>
				<string>E00EE8091E2ACE0D00B947FD</string>
				<string>E00EE80A1E2ACE0D00B947FD</string>
				<string>E00EE8411E2AF2DB00B947FD</string>
			</array>
			<key>isa</key>
			<string>PBXGroup</string>
			<key>sourceTree</key>
			<string>&lt;group&gt;</string>
		</dict>
		<key>E00EE8001E2ACE0D00B947FD</key>
		<dict>
			<key>attributes</key>
			<dict>
				<key>LastSwiftUpdateCheck</key>
				<string>0820</string>
				<key>LastUpgradeCheck</key>
				<string>0820</string>
				<key>ORGANIZATIONNAME</key>
				<string>Bemaxnet</string>
				<key>TargetAttributes</key>
				<dict>
					<key>E00EE8071E2ACE0D00B947FD</key>
					<dict>
						<key>CreatedOnToolsVersion</key>
						<string>8.2.1</string>
						<key>ProvisioningStyle</key>
						<string>Automatic</string>
					</dict>
				</dict>
			</dict>
			<key>buildConfigurationList</key>
			<string>E00EE8031E2ACE0D00B947FD</string>
			<key>compatibilityVersion</key>
			<string>Xcode 3.2</string>
			<key>developmentRegion</key>
			<string>English</string>
			<key>hasScannedForEncodings</key>
			<string>0</string>
			<key>isa</key>
			<string>PBXProject</string>
			<key>knownRegions</key>
			<array>
				<string>en</string>
				<string>Base</string>
			</array>
			<key>mainGroup</key>
			<string>E00EE7FF1E2ACE0D00B947FD</string>
			<key>productRefGroup</key>
			<string>E00EE8091E2ACE0D00B947FD</string>
			<key>projectDirPath</key>
			<string></string>
			<key>projectReferences</key>
			<array/>
			<key>projectRoot</key>
			<string></string>
			<key>targets</key>
			<array>
				<string>E00EE8071E2ACE0D00B947FD</string>
			</array>
		</dict>
		<key>E00EE8031E2ACE0D00B947FD</key>
		<dict>
			<key>buildConfigurations</key>
			<array>
				<string>E00EE8181E2ACE0D00B947FD</string>
				<string>E00EE8191E2ACE0D00B947FD</string>
			</array>
			<key>defaultConfigurationIsVisible</key>
			<string>0</string>
			<key>defaultConfigurationName</key>
			<string>Release</string>
			<key>isa</key>
			<string>XCConfigurationList</string>
		</dict>
		<key>E00EE8041E2ACE0D00B947FD</key>
		<dict>
			<key>buildActionMask</key>
			<string>2147483647</string>
			<key>files</key>
			<array>
				<string>E00EE80E1E2ACE0D00B947FD</string>
				<string>E00EE84A1E2AFB0000B947FD</string>
				<string>E00EE84C1E2AFCDE00B947FD</string>
				<string>E00EE8441E2AF75500B947FD</string>
				<string>E00EE82E1E2ADED400B947FD</string>
				<string>E00EE8581E2B408A00B947FD</string>
				<string>E00EE8741E2B747700B947FD</string>
				<string>E00EE8341E2AE05700B947FD</string>
				<string>E00EE8381E2AE11F00B947FD</string>
				<string>E00EE83A1E2AE16C00B947FD</string>
				<string>E00EE8311E2ADF3400B947FD</string>
				<string>E00EE86C1E2B6B7100B947FD</string>
				<string>E00EE8721E2B738E00B947FD</string>
				<string>E00EE85E1E2B53FD00B947FD</string>
				<string>E00EE8501E2B006000B947FD</string>
				<string>E00EE8361E2AE08C00B947FD</string>
				<string>E00EE86E1E2B700A00B947FD</string>
				<string>E00EE84E1E2AFEED00B947FD</string>
				<string>E00EE85A1E2B44D800B947FD</string>
				<string>E00EE8671E2B6ADC00B947FD</string>
				<string>E00EE82B1E2ADD4600B947FD</string>
				<string>E00EE8531E2B067B00B947FD</string>
				<string>E00EE80C1E2ACE0D00B947FD</string>
				<string>E00EE8641E2B542700B947FD</string>
				<string>E00EE8701E2B72F300B947FD</string>
			</array>
			<key>isa</key>
			<string>PBXSourcesBuildPhase</string>
			<key>runOnlyForDeploymentPostprocessing</key>
			<string>0</string>
		</dict>
		<key>E00EE8051E2ACE0D00B947FD</key>
		<dict>
			<key>buildActionMask</key>
			<string>2147483647</string>
			<key>files</key>
			<array>
				<string>A9E31FAEAC1A9E8121F72753</string>
			</array>
			<key>isa</key>
			<string>PBXFrameworksBuildPhase</string>
			<key>runOnlyForDeploymentPostprocessing</key>
			<string>0</string>
		</dict>
		<key>E00EE8061E2ACE0D00B947FD</key>
		<dict>
			<key>buildActionMask</key>
			<string>2147483647</string>
			<key>files</key>
			<array>
				<string>E00EE8461E2AF80700B947FD</string>
				<string>E00EE8651E2B542700B947FD</string>
				<string>E05B615E1E2BD1BD00DF993F</string>
				<string>E00EE86A1E2B6B6400B947FD</string>
				<string>E00EE8421E2AF2DB00B947FD</string>
				<string>E00EE85F1E2B53FD00B947FD</string>
				<string>E00EE8561E2B405900B947FD</string>
				<string>E00EE8161E2ACE0D00B947FD</string>
				<string>E00EE8131E2ACE0D00B947FD</string>
				<string>E00EE8401E2AE74400B947FD</string>
				<string>E00EE8111E2ACE0D00B947FD</string>
			</array>
			<key>isa</key>
			<string>PBXResourcesBuildPhase</string>
			<key>runOnlyForDeploymentPostprocessing</key>
			<string>0</string>
		</dict>
		<key>E00EE8071E2ACE0D00B947FD</key>
		<dict>
			<key>buildConfigurationList</key>
			<string>E00EE81A1E2ACE0D00B947FD</string>
			<key>buildPhases</key>
			<array>
				<string>817218EFC354547CE05D6FD9</string>
				<string>E00EE8041E2ACE0D00B947FD</string>
				<string>E00EE8051E2ACE0D00B947FD</string>
				<string>E00EE8061E2ACE0D00B947FD</string>
				<string>AC9824C5773D4F9A48A26018</string>
				<string>0CA22322F6EEDF65D2F72499</string>
			</array>
			<key>buildRules</key>
			<array/>
			<key>dependencies</key>
			<array/>
			<key>isa</key>
			<string>PBXNativeTarget</string>
			<key>name</key>
			<string>VehicleAttributes</string>
			<key>productName</key>
			<string>VehicleAttributes</string>
			<key>productReference</key>
			<string>E00EE8081E2ACE0D00B947FD</string>
			<key>productType</key>
			<string>com.apple.product-type.application</string>
		</dict>
		<key>E00EE8081E2ACE0D00B947FD</key>
		<dict>
			<key>explicitFileType</key>
			<string>wrapper.application</string>
			<key>includeInIndex</key>
			<string>0</string>
			<key>isa</key>
			<string>PBXFileReference</string>
			<key>path</key>
			<string>VehicleAttributes.app</string>
			<key>sourceTree</key>
			<string>BUILT_PRODUCTS_DIR</string>
		</dict>
		<key>E00EE8091E2ACE0D00B947FD</key>
		<dict>
			<key>children</key>
			<array>
				<string>E00EE8081E2ACE0D00B947FD</string>
			</array>
			<key>isa</key>
			<string>PBXGroup</string>
			<key>name</key>
			<string>Products</string>
			<key>sourceTree</key>
			<string>&lt;group&gt;</string>
		</dict>
		<key>E00EE80A1E2ACE0D00B947FD</key>
		<dict>
			<key>children</key>
			<array>
				<string>E00EE81F1E2ACE3F00B947FD</string>
				<string>E00EE82F1E2ADF2700B947FD</string>
				<string>E00EE82C1E2ADEA600B947FD</string>
				<string>E00EE81D1E2ACE2A00B947FD</string>
				<string>E00EE81E1E2ACE3400B947FD</string>
				<string>E00EE80B1E2ACE0D00B947FD</string>
			</array>
			<key>isa</key>
			<string>PBXGroup</string>
			<key>path</key>
			<string>VehicleAttributes</string>
			<key>sourceTree</key>
			<string>&lt;group&gt;</string>
		</dict>
		<key>E00EE80B1E2ACE0D00B947FD</key>
		<dict>
			<key>isa</key>
			<string>PBXFileReference</string>
			<key>lastKnownFileType</key>
			<string>sourcecode.swift</string>
			<key>path</key>
			<string>AppDelegate.swift</string>
			<key>sourceTree</key>
			<string>&lt;group&gt;</string>
		</dict>
		<key>E00EE80C1E2ACE0D00B947FD</key>
		<dict>
			<key>fileRef</key>
			<string>E00EE80B1E2ACE0D00B947FD</string>
			<key>isa</key>
			<string>PBXBuildFile</string>
		</dict>
		<key>E00EE80D1E2ACE0D00B947FD</key>
		<dict>
			<key>isa</key>
			<string>PBXFileReference</string>
			<key>lastKnownFileType</key>
			<string>sourcecode.swift</string>
			<key>path</key>
			<string>ViewController.swift</string>
			<key>sourceTree</key>
			<string>&lt;group&gt;</string>
		</dict>
		<key>E00EE80E1E2ACE0D00B947FD</key>
		<dict>
			<key>fileRef</key>
			<string>E00EE80D1E2ACE0D00B947FD</string>
			<key>isa</key>
			<string>PBXBuildFile</string>
		</dict>
		<key>E00EE80F1E2ACE0D00B947FD</key>
		<dict>
			<key>children</key>
			<array>
				<string>E00EE8101E2ACE0D00B947FD</string>
			</array>
			<key>isa</key>
			<string>PBXVariantGroup</string>
			<key>name</key>
			<string>Main.storyboard</string>
			<key>path</key>
			<string>.</string>
			<key>sourceTree</key>
			<string>&lt;group&gt;</string>
		</dict>
		<key>E00EE8101E2ACE0D00B947FD</key>
		<dict>
			<key>isa</key>
			<string>PBXFileReference</string>
			<key>lastKnownFileType</key>
			<string>file.storyboard</string>
			<key>name</key>
			<string>Base</string>
			<key>path</key>
			<string>Base.lproj/Main.storyboard</string>
			<key>sourceTree</key>
			<string>&lt;group&gt;</string>
		</dict>
		<key>E00EE8111E2ACE0D00B947FD</key>
		<dict>
			<key>fileRef</key>
			<string>E00EE80F1E2ACE0D00B947FD</string>
			<key>isa</key>
			<string>PBXBuildFile</string>
		</dict>
		<key>E00EE8121E2ACE0D00B947FD</key>
		<dict>
			<key>isa</key>
			<string>PBXFileReference</string>
			<key>lastKnownFileType</key>
			<string>folder.assetcatalog</string>
			<key>path</key>
			<string>Assets.xcassets</string>
			<key>sourceTree</key>
			<string>&lt;group&gt;</string>
		</dict>
		<key>E00EE8131E2ACE0D00B947FD</key>
		<dict>
			<key>fileRef</key>
			<string>E00EE8121E2ACE0D00B947FD</string>
			<key>isa</key>
			<string>PBXBuildFile</string>
		</dict>
		<key>E00EE8141E2ACE0D00B947FD</key>
		<dict>
			<key>children</key>
			<array>
				<string>E00EE8151E2ACE0D00B947FD</string>
			</array>
			<key>isa</key>
			<string>PBXVariantGroup</string>
			<key>name</key>
			<string>LaunchScreen.storyboard</string>
			<key>path</key>
			<string>.</string>
			<key>sourceTree</key>
			<string>&lt;group&gt;</string>
		</dict>
		<key>E00EE8151E2ACE0D00B947FD</key>
		<dict>
			<key>isa</key>
			<string>PBXFileReference</string>
			<key>lastKnownFileType</key>
			<string>file.storyboard</string>
			<key>name</key>
			<string>Base</string>
			<key>path</key>
			<string>Base.lproj/LaunchScreen.storyboard</string>
			<key>sourceTree</key>
			<string>&lt;group&gt;</string>
		</dict>
		<key>E00EE8161E2ACE0D00B947FD</key>
		<dict>
			<key>fileRef</key>
			<string>E00EE8141E2ACE0D00B947FD</string>
			<key>isa</key>
			<string>PBXBuildFile</string>
		</dict>
		<key>E00EE8171E2ACE0D00B947FD</key>
		<dict>
			<key>isa</key>
			<string>PBXFileReference</string>
			<key>lastKnownFileType</key>
			<string>text.plist.xml</string>
			<key>path</key>
			<string>Info.plist</string>
			<key>sourceTree</key>
			<string>&lt;group&gt;</string>
		</dict>
		<key>E00EE8181E2ACE0D00B947FD</key>
		<dict>
			<key>buildSettings</key>
			<dict>
				<key>ALWAYS_SEARCH_USER_PATHS</key>
				<string>NO</string>
				<key>CLANG_ANALYZER_NONNULL</key>
				<string>YES</string>
				<key>CLANG_CXX_LANGUAGE_STANDARD</key>
				<string>gnu++0x</string>
				<key>CLANG_CXX_LIBRARY</key>
				<string>libc++</string>
				<key>CLANG_ENABLE_MODULES</key>
				<string>YES</string>
				<key>CLANG_ENABLE_OBJC_ARC</key>
				<string>YES</string>
				<key>CLANG_WARN_BOOL_CONVERSION</key>
				<string>YES</string>
				<key>CLANG_WARN_CONSTANT_CONVERSION</key>
				<string>YES</string>
				<key>CLANG_WARN_DIRECT_OBJC_ISA_USAGE</key>
				<string>YES_ERROR</string>
				<key>CLANG_WARN_DOCUMENTATION_COMMENTS</key>
				<string>YES</string>
				<key>CLANG_WARN_EMPTY_BODY</key>
				<string>YES</string>
				<key>CLANG_WARN_ENUM_CONVERSION</key>
				<string>YES</string>
				<key>CLANG_WARN_INFINITE_RECURSION</key>
				<string>YES</string>
				<key>CLANG_WARN_INT_CONVERSION</key>
				<string>YES</string>
				<key>CLANG_WARN_OBJC_ROOT_CLASS</key>
				<string>YES_ERROR</string>
				<key>CLANG_WARN_SUSPICIOUS_MOVE</key>
				<string>YES</string>
				<key>CLANG_WARN_UNREACHABLE_CODE</key>
				<string>YES</string>
				<key>CLANG_WARN__DUPLICATE_METHOD_MATCH</key>
				<string>YES</string>
				<key>CODE_SIGN_IDENTITY[sdk=iphoneos*]</key>
				<string>iPhone Developer</string>
				<key>COPY_PHASE_STRIP</key>
				<string>NO</string>
				<key>DEBUG_INFORMATION_FORMAT</key>
				<string>dwarf</string>
				<key>ENABLE_STRICT_OBJC_MSGSEND</key>
				<string>YES</string>
				<key>ENABLE_TESTABILITY</key>
				<string>YES</string>
				<key>GCC_C_LANGUAGE_STANDARD</key>
				<string>gnu99</string>
				<key>GCC_DYNAMIC_NO_PIC</key>
				<string>NO</string>
				<key>GCC_NO_COMMON_BLOCKS</key>
				<string>YES</string>
				<key>GCC_OPTIMIZATION_LEVEL</key>
				<string>0</string>
				<key>GCC_PREPROCESSOR_DEFINITIONS</key>
				<array>
					<string>DEBUG=1</string>
					<string>$(inherited)</string>
				</array>
				<key>GCC_WARN_64_TO_32_BIT_CONVERSION</key>
				<string>YES</string>
				<key>GCC_WARN_ABOUT_RETURN_TYPE</key>
				<string>YES_ERROR</string>
				<key>GCC_WARN_UNDECLARED_SELECTOR</key>
				<string>YES</string>
				<key>GCC_WARN_UNINITIALIZED_AUTOS</key>
				<string>YES_AGGRESSIVE</string>
				<key>GCC_WARN_UNUSED_FUNCTION</key>
				<string>YES</string>
				<key>GCC_WARN_UNUSED_VARIABLE</key>
				<string>YES</string>
				<key>IPHONEOS_DEPLOYMENT_TARGET</key>
				<string>10.2</string>
				<key>MTL_ENABLE_DEBUG_INFO</key>
				<string>YES</string>
				<key>ONLY_ACTIVE_ARCH</key>
				<string>YES</string>
				<key>SDKROOT</key>
				<string>iphoneos</string>
				<key>SWIFT_ACTIVE_COMPILATION_CONDITIONS</key>
				<string>DEBUG</string>
				<key>SWIFT_OPTIMIZATION_LEVEL</key>
				<string>-Onone</string>
				<key>TARGETED_DEVICE_FAMILY</key>
				<string>1,2</string>
			</dict>
			<key>isa</key>
			<string>XCBuildConfiguration</string>
			<key>name</key>
			<string>Debug</string>
		</dict>
		<key>E00EE8191E2ACE0D00B947FD</key>
		<dict>
			<key>buildSettings</key>
			<dict>
				<key>ALWAYS_SEARCH_USER_PATHS</key>
				<string>NO</string>
				<key>CLANG_ANALYZER_NONNULL</key>
				<string>YES</string>
				<key>CLANG_CXX_LANGUAGE_STANDARD</key>
				<string>gnu++0x</string>
				<key>CLANG_CXX_LIBRARY</key>
				<string>libc++</string>
				<key>CLANG_ENABLE_MODULES</key>
				<string>YES</string>
				<key>CLANG_ENABLE_OBJC_ARC</key>
				<string>YES</string>
				<key>CLANG_WARN_BOOL_CONVERSION</key>
				<string>YES</string>
				<key>CLANG_WARN_CONSTANT_CONVERSION</key>
				<string>YES</string>
				<key>CLANG_WARN_DIRECT_OBJC_ISA_USAGE</key>
				<string>YES_ERROR</string>
				<key>CLANG_WARN_DOCUMENTATION_COMMENTS</key>
				<string>YES</string>
				<key>CLANG_WARN_EMPTY_BODY</key>
				<string>YES</string>
				<key>CLANG_WARN_ENUM_CONVERSION</key>
				<string>YES</string>
				<key>CLANG_WARN_INFINITE_RECURSION</key>
				<string>YES</string>
				<key>CLANG_WARN_INT_CONVERSION</key>
				<string>YES</string>
				<key>CLANG_WARN_OBJC_ROOT_CLASS</key>
				<string>YES_ERROR</string>
				<key>CLANG_WARN_SUSPICIOUS_MOVE</key>
				<string>YES</string>
				<key>CLANG_WARN_UNREACHABLE_CODE</key>
				<string>YES</string>
				<key>CLANG_WARN__DUPLICATE_METHOD_MATCH</key>
				<string>YES</string>
				<key>CODE_SIGN_IDENTITY[sdk=iphoneos*]</key>
				<string>iPhone Developer</string>
				<key>COPY_PHASE_STRIP</key>
				<string>NO</string>
				<key>DEBUG_INFORMATION_FORMAT</key>
				<string>dwarf-with-dsym</string>
				<key>ENABLE_NS_ASSERTIONS</key>
				<string>NO</string>
				<key>ENABLE_STRICT_OBJC_MSGSEND</key>
				<string>YES</string>
				<key>GCC_C_LANGUAGE_STANDARD</key>
				<string>gnu99</string>
				<key>GCC_NO_COMMON_BLOCKS</key>
				<string>YES</string>
				<key>GCC_WARN_64_TO_32_BIT_CONVERSION</key>
				<string>YES</string>
				<key>GCC_WARN_ABOUT_RETURN_TYPE</key>
				<string>YES_ERROR</string>
				<key>GCC_WARN_UNDECLARED_SELECTOR</key>
				<string>YES</string>
				<key>GCC_WARN_UNINITIALIZED_AUTOS</key>
				<string>YES_AGGRESSIVE</string>
				<key>GCC_WARN_UNUSED_FUNCTION</key>
				<string>YES</string>
				<key>GCC_WARN_UNUSED_VARIABLE</key>
				<string>YES</string>
				<key>IPHONEOS_DEPLOYMENT_TARGET</key>
				<string>10.2</string>
				<key>MTL_ENABLE_DEBUG_INFO</key>
				<string>NO</string>
				<key>SDKROOT</key>
				<string>iphoneos</string>
				<key>SWIFT_OPTIMIZATION_LEVEL</key>
				<string>-Owholemodule</string>
				<key>TARGETED_DEVICE_FAMILY</key>
				<string>1,2</string>
				<key>VALIDATE_PRODUCT</key>
				<string>YES</string>
			</dict>
			<key>isa</key>
			<string>XCBuildConfiguration</string>
			<key>name</key>
			<string>Release</string>
		</dict>
		<key>E00EE81A1E2ACE0D00B947FD</key>
		<dict>
			<key>buildConfigurations</key>
			<array>
				<string>E00EE81B1E2ACE0D00B947FD</string>
				<string>E00EE81C1E2ACE0D00B947FD</string>
			</array>
			<key>defaultConfigurationIsVisible</key>
			<string>0</string>
			<key>defaultConfigurationName</key>
			<string>Release</string>
			<key>isa</key>
			<string>XCConfigurationList</string>
		</dict>
		<key>E00EE81B1E2ACE0D00B947FD</key>
		<dict>
			<key>baseConfigurationReference</key>
			<string>7810430DDD4D8147E13DDEDB</string>
			<key>buildSettings</key>
			<dict>
				<key>ASSETCATALOG_COMPILER_APPICON_NAME</key>
				<string>AppIcon</string>
				<key>INFOPLIST_FILE</key>
				<string>VehicleAttributes/Resources/Info.plist</string>
				<key>LD_RUNPATH_SEARCH_PATHS</key>
				<string>$(inherited) @executable_path/Frameworks</string>
				<key>PRODUCT_BUNDLE_IDENTIFIER</key>
				<string>com.bemaxnet.VehicleAttributes</string>
				<key>PRODUCT_NAME</key>
				<string>$(TARGET_NAME)</string>
				<key>SWIFT_VERSION</key>
				<string>3.0</string>
			</dict>
			<key>isa</key>
			<string>XCBuildConfiguration</string>
			<key>name</key>
			<string>Debug</string>
		</dict>
		<key>E00EE81C1E2ACE0D00B947FD</key>
		<dict>
			<key>baseConfigurationReference</key>
			<string>B42B8C0F42636D0B348DDCA9</string>
			<key>buildSettings</key>
			<dict>
				<key>ASSETCATALOG_COMPILER_APPICON_NAME</key>
				<string>AppIcon</string>
				<key>INFOPLIST_FILE</key>
				<string>VehicleAttributes/Resources/Info.plist</string>
				<key>LD_RUNPATH_SEARCH_PATHS</key>
				<string>$(inherited) @executable_path/Frameworks</string>
				<key>PRODUCT_BUNDLE_IDENTIFIER</key>
				<string>com.bemaxnet.VehicleAttributes</string>
				<key>PRODUCT_NAME</key>
				<string>$(TARGET_NAME)</string>
				<key>SWIFT_VERSION</key>
				<string>3.0</string>
			</dict>
			<key>isa</key>
			<string>XCBuildConfiguration</string>
			<key>name</key>
			<string>Release</string>
		</dict>
		<key>E00EE81D1E2ACE2A00B947FD</key>
		<dict>
			<key>children</key>
			<array>
				<string>E00EE8681E2B6B5100B947FD</string>
				<string>E05B615B1E2BD17E00DF993F</string>
				<string>E05B615A1E2BD16300DF993F</string>
				<string>E00EE8121E2ACE0D00B947FD</string>
				<string>E00EE8171E2ACE0D00B947FD</string>
			</array>
			<key>isa</key>
			<string>PBXGroup</string>
			<key>name</key>
			<string>Resources</string>
			<key>path</key>
			<string>Resources</string>
			<key>sourceTree</key>
			<string>&lt;group&gt;</string>
		</dict>
		<key>E00EE81E1E2ACE3400B947FD</key>
		<dict>
			<key>children</key>
			<array>
				<string>E00EE8211E2ACE6900B947FD</string>
				<string>E00EE8201E2ACE5E00B947FD</string>
			</array>
			<key>isa</key>
			<string>PBXGroup</string>
			<key>name</key>
			<string>UI</string>
			<key>path</key>
			<string>UI</string>
			<key>sourceTree</key>
			<string>&lt;group&gt;</string>
		</dict>
		<key>E00EE81F1E2ACE3F00B947FD</key>
		<dict>
			<key>children</key>
			<array>
				<string>E00EE8511E2B066A00B947FD</string>
				<string>E00EE8481E2AFACD00B947FD</string>
				<string>E00EE8431E2AF75500B947FD</string>
			</array>
			<key>isa</key>
			<string>PBXGroup</string>
			<key>name</key>
			<string>Data</string>
			<key>path</key>
			<string>Data</string>
			<key>sourceTree</key>
			<string>&lt;group&gt;</string>
		</dict>
		<key>E00EE8201E2ACE5E00B947FD</key>
		<dict>
			<key>children</key>
			<array>
				<string>E00EE8141E2ACE0D00B947FD</string>
			</array>
			<key>isa</key>
			<string>PBXGroup</string>
			<key>name</key>
			<string>Splash screen</string>
			<key>path</key>
			<string>Splash screen</string>
			<key>sourceTree</key>
			<string>&lt;group&gt;</string>
		</dict>
		<key>E00EE8211E2ACE6900B947FD</key>
		<dict>
			<key>children</key>
			<array>
				<string>E00EE8271E2ADD0900B947FD</string>
				<string>E00EE8541E2B404100B947FD</string>
				<string>E00EE80F1E2ACE0D00B947FD</string>
				<string>E00EE80D1E2ACE0D00B947FD</string>
			</array>
			<key>isa</key>
			<string>PBXGroup</string>
			<key>name</key>
			<string>Main</string>
			<key>path</key>
			<string>Main</string>
			<key>sourceTree</key>
			<string>&lt;group&gt;</string>
		</dict>
		<key>E00EE8271E2ADD0900B947FD</key>
		<dict>
			<key>children</key>
			<array>
				<string>E00EE85B1E2B53B500B947FD</string>
				<string>E00EE82A1E2ADD4600B947FD</string>
				<string>E00EE83F1E2AE74400B947FD</string>
			</array>
			<key>isa</key>
			<string>PBXGroup</string>
			<key>name</key>
			<string>Detail</string>
			<key>path</key>
			<string>Detail</string>
			<key>sourceTree</key>
			<string>&lt;group&gt;</string>
		</dict>
		<key>E00EE82A1E2ADD4600B947FD</key>
		<dict>
			<key>fileEncoding</key>
			<string>4</string>
			<key>isa</key>
			<string>PBXFileReference</string>
			<key>lastKnownFileType</key>
			<string>sourcecode.swift</string>
			<key>path</key>
			<string>DetailView.swift</string>
			<key>sourceTree</key>
			<string>&lt;group&gt;</string>
		</dict>
		<key>E00EE82B1E2ADD4600B947FD</key>
		<dict>
			<key>fileRef</key>
			<string>E00EE82A1E2ADD4600B947FD</string>
			<key>isa</key>
			<string>PBXBuildFile</string>
		</dict>
		<key>E00EE82C1E2ADEA600B947FD</key>
		<dict>
			<key>children</key>
			<array>
				<string>E00EE8351E2AE08C00B947FD</string>
				<string>E00EE82D1E2ADED400B947FD</string>
			</array>
			<key>isa</key>
			<string>PBXGroup</string>
			<key>name</key>
			<string>Helper</string>
			<key>path</key>
			<string>Helper</string>
			<key>sourceTree</key>
			<string>&lt;group&gt;</string>
		</dict>
		<key>E00EE82D1E2ADED400B947FD</key>
		<dict>
			<key>fileEncoding</key>
			<string>4</string>
			<key>isa</key>
			<string>PBXFileReference</string>
			<key>lastKnownFileType</key>
			<string>sourcecode.swift</string>
			<key>path</key>
			<string>localization.swift</string>
			<key>sourceTree</key>
			<string>&lt;group&gt;</string>
		</dict>
		<key>E00EE82E1E2ADED400B947FD</key>
		<dict>
			<key>fileRef</key>
			<string>E00EE82D1E2ADED400B947FD</string>
			<key>isa</key>
			<string>PBXBuildFile</string>
		</dict>
		<key>E00EE82F1E2ADF2700B947FD</key>
		<dict>
			<key>children</key>
			<array>
				<string>E00EE86F1E2B72F300B947FD</string>
				<string>E00EE8661E2B6ADC00B947FD</string>
				<string>E00EE8731E2B747700B947FD</string>
				<string>E00EE86D1E2B700A00B947FD</string>
				<string>E00EE8391E2AE16C00B947FD</string>
				<string>E00EE8371E2AE11F00B947FD</string>
				<string>E00EE8331E2AE05700B947FD</string>
				<string>E00EE8711E2B738E00B947FD</string>
				<string>E00EE8591E2B44D800B947FD</string>
				<string>E00EE8301E2ADF3400B947FD</string>
			</array>
			<key>isa</key>
			<string>PBXGroup</string>
			<key>name</key>
			<string>Extension</string>
			<key>path</key>
			<string>Extension</string>
			<key>sourceTree</key>
			<string>&lt;group&gt;</string>
		</dict>
		<key>E00EE8301E2ADF3400B947FD</key>
		<dict>
			<key>fileEncoding</key>
			<string>4</string>
			<key>isa</key>
			<string>PBXFileReference</string>
			<key>lastKnownFileType</key>
			<string>sourcecode.swift</string>
			<key>path</key>
			<string>UIViewController.swift</string>
			<key>sourceTree</key>
			<string>&lt;group&gt;</string>
		</dict>
		<key>E00EE8311E2ADF3400B947FD</key>
		<dict>
			<key>fileRef</key>
			<string>E00EE8301E2ADF3400B947FD</string>
			<key>isa</key>
			<string>PBXBuildFile</string>
		</dict>
		<key>E00EE8331E2AE05700B947FD</key>
		<dict>
			<key>fileEncoding</key>
			<string>4</string>
			<key>isa</key>
			<string>PBXFileReference</string>
			<key>lastKnownFileType</key>
			<string>sourcecode.swift</string>
			<key>path</key>
			<string>UIStackView.swift</string>
			<key>sourceTree</key>
			<string>&lt;group&gt;</string>
		</dict>
		<key>E00EE8341E2AE05700B947FD</key>
		<dict>
			<key>fileRef</key>
			<string>E00EE8331E2AE05700B947FD</string>
			<key>isa</key>
			<string>PBXBuildFile</string>
		</dict>
		<key>E00EE8351E2AE08C00B947FD</key>
		<dict>
			<key>fileEncoding</key>
			<string>4</string>
			<key>isa</key>
			<string>PBXFileReference</string>
			<key>lastKnownFileType</key>
			<string>sourcecode.swift</string>
			<key>path</key>
			<string>GeneralHelper.swift</string>
			<key>sourceTree</key>
			<string>&lt;group&gt;</string>
		</dict>
		<key>E00EE8361E2AE08C00B947FD</key>
		<dict>
			<key>fileRef</key>
			<string>E00EE8351E2AE08C00B947FD</string>
			<key>isa</key>
			<string>PBXBuildFile</string>
		</dict>
		<key>E00EE8371E2AE11F00B947FD</key>
		<dict>
			<key>fileEncoding</key>
			<string>4</string>
			<key>isa</key>
			<string>PBXFileReference</string>
			<key>lastKnownFileType</key>
			<string>sourcecode.swift</string>
			<key>path</key>
			<string>UIScrollView.swift</string>
			<key>sourceTree</key>
			<string>&lt;group&gt;</string>
		</dict>
		<key>E00EE8381E2AE11F00B947FD</key>
		<dict>
			<key>fileRef</key>
			<string>E00EE8371E2AE11F00B947FD</string>
			<key>isa</key>
			<string>PBXBuildFile</string>
		</dict>
		<key>E00EE8391E2AE16C00B947FD</key>
		<dict>
			<key>fileEncoding</key>
			<string>4</string>
			<key>isa</key>
			<string>PBXFileReference</string>
			<key>lastKnownFileType</key>
			<string>sourcecode.swift</string>
			<key>path</key>
			<string>UIPageControl.swift</string>
			<key>sourceTree</key>
			<string>&lt;group&gt;</string>
		</dict>
		<key>E00EE83A1E2AE16C00B947FD</key>
		<dict>
			<key>fileRef</key>
			<string>E00EE8391E2AE16C00B947FD</string>
			<key>isa</key>
			<string>PBXBuildFile</string>
		</dict>
		<key>E00EE83F1E2AE74400B947FD</key>
		<dict>
			<key>fileEncoding</key>
			<string>4</string>
			<key>isa</key>
			<string>PBXFileReference</string>
			<key>lastKnownFileType</key>
			<string>file.xib</string>
			<key>path</key>
			<string>DetailView.xib</string>
			<key>sourceTree</key>
			<string>&lt;group&gt;</string>
		</dict>
		<key>E00EE8401E2AE74400B947FD</key>
		<dict>
			<key>fileRef</key>
			<string>E00EE83F1E2AE74400B947FD</string>
			<key>isa</key>
			<string>PBXBuildFile</string>
		</dict>
		<key>E00EE8411E2AF2DB00B947FD</key>
		<dict>
			<key>fileEncoding</key>
			<string>4</string>
			<key>isa</key>
			<string>PBXFileReference</string>
			<key>lastKnownFileType</key>
			<string>text</string>
			<key>path</key>
			<string>Podfile</string>
			<key>sourceTree</key>
			<string>&lt;group&gt;</string>
			<key>xcLanguageSpecificationIdentifier</key>
			<string>xcode.lang.ruby</string>
		</dict>
		<key>E00EE8421E2AF2DB00B947FD</key>
		<dict>
			<key>fileRef</key>
			<string>E00EE8411E2AF2DB00B947FD</string>
			<key>isa</key>
			<string>PBXBuildFile</string>
		</dict>
		<key>E00EE8431E2AF75500B947FD</key>
		<dict>
			<key>fileEncoding</key>
			<string>4</string>
			<key>isa</key>
			<string>PBXFileReference</string>
			<key>lastKnownFileType</key>
			<string>sourcecode.swift</string>
			<key>path</key>
			<string>DataManager.swift</string>
			<key>sourceTree</key>
			<string>&lt;group&gt;</string>
		</dict>
		<key>E00EE8441E2AF75500B947FD</key>
		<dict>
			<key>fileRef</key>
			<string>E00EE8431E2AF75500B947FD</string>
			<key>isa</key>
			<string>PBXBuildFile</string>
		</dict>
		<key>E00EE8451E2AF80700B947FD</key>
		<dict>
			<key>fileEncoding</key>
			<string>4</string>
			<key>isa</key>
			<string>PBXFileReference</string>
			<key>lastKnownFileType</key>
			<string>text.plist.xml</string>
			<key>path</key>
			<string>url.plist</string>
			<key>sourceTree</key>
			<string>&lt;group&gt;</string>
		</dict>
		<key>E00EE8461E2AF80700B947FD</key>
		<dict>
			<key>fileRef</key>
			<string>E00EE8451E2AF80700B947FD</string>
			<key>isa</key>
			<string>PBXBuildFile</string>
		</dict>
		<key>E00EE8481E2AFACD00B947FD</key>
		<dict>
			<key>children</key>
			<array>
				<string>E00EE84D1E2AFEED00B947FD</string>
				<string>E00EE84F1E2B006000B947FD</string>
				<string>E00EE84B1E2AFCDE00B947FD</string>
				<string>E00EE8491E2AFB0000B947FD</string>
			</array>
			<key>isa</key>
			<string>PBXGroup</string>
			<key>name</key>
			<string>Response</string>
			<key>path</key>
			<string>Response</string>
			<key>sourceTree</key>
			<string>&lt;group&gt;</string>
		</dict>
		<key>E00EE8491E2AFB0000B947FD</key>
		<dict>
			<key>fileEncoding</key>
			<string>4</string>
			<key>isa</key>
			<string>PBXFileReference</string>
			<key>lastKnownFileType</key>
			<string>sourcecode.swift</string>
			<key>path</key>
			<string>ResponseObject.swift</string>
			<key>sourceTree</key>
			<string>&lt;group&gt;</string>
		</dict>
		<key>E00EE84A1E2AFB0000B947FD</key>
		<dict>
			<key>fileRef</key>
			<string>E00EE8491E2AFB0000B947FD</string>
			<key>isa</key>
			<string>PBXBuildFile</string>
		</dict>
		<key>E00EE84B1E2AFCDE00B947FD</key>
		<dict>
			<key>fileEncoding</key>
			<string>4</string>
			<key>isa</key>
			<string>PBXFileReference</string>
			<key>lastKnownFileType</key>
			<string>sourcecode.swift</string>
			<key>path</key>
			<string>FuelObject.swift</string>
			<key>sourceTree</key>
			<string>&lt;group&gt;</string>
		</dict>
		<key>E00EE84C1E2AFCDE00B947FD</key>
		<dict>
			<key>fileRef</key>
			<string>E00EE84B1E2AFCDE00B947FD</string>
			<key>isa</key>
			<string>PBXBuildFile</string>
		</dict>
		<key>E00EE84D1E2AFEED00B947FD</key>
		<dict>
			<key>fileEncoding</key>
			<string>4</string>
			<key>isa</key>
			<string>PBXFileReference</string>
			<key>lastKnownFileType</key>
			<string>sourcecode.swift</string>
			<key>path</key>
			<string>AverageObject.swift</string>
			<key>sourceTree</key>
			<string>&lt;group&gt;</string>
		</dict>
		<key>E00EE84E1E2AFEED00B947FD</key>
		<dict>
			<key>fileRef</key>
			<string>E00EE84D1E2AFEED00B947FD</string>
			<key>isa</key>
			<string>PBXBuildFile</string>
		</dict>
		<key>E00EE84F1E2B006000B947FD</key>
		<dict>
			<key>fileEncoding</key>
			<string>4</string>
			<key>isa</key>
			<string>PBXFileReference</string>
			<key>lastKnownFileType</key>
			<string>sourcecode.swift</string>
			<key>path</key>
			<string>EmissionObject.swift</string>
			<key>sourceTree</key>
			<string>&lt;group&gt;</string>
		</dict>
		<key>E00EE8501E2B006000B947FD</key>
		<dict>
			<key>fileRef</key>
			<string>E00EE84F1E2B006000B947FD</string>
			<key>isa</key>
			<string>PBXBuildFile</string>
		</dict>
		<key>E00EE8511E2B066A00B947FD</key>
		<dict>
			<key>children</key>
			<array>
				<string>E00EE8521E2B067B00B947FD</string>
			</array>
			<key>isa</key>
			<string>PBXGroup</string>
			<key>name</key>
			<string>Request</string>
			<key>path</key>
			<string>Request</string>
			<key>sourceTree</key>
			<string>&lt;group&gt;</string>
		</dict>
		<key>E00EE8521E2B067B00B947FD</key>
		<dict>
			<key>fileEncoding</key>
			<string>4</string>
			<key>isa</key>
			<string>PBXFileReference</string>
			<key>lastKnownFileType</key>
			<string>sourcecode.swift</string>
			<key>path</key>
			<string>Attributes.swift</string>
			<key>sourceTree</key>
			<string>&lt;group&gt;</string>
		</dict>
		<key>E00EE8531E2B067B00B947FD</key>
		<dict>
			<key>fileRef</key>
			<string>E00EE8521E2B067B00B947FD</string>
			<key>isa</key>
			<string>PBXBuildFile</string>
		</dict>
		<key>E00EE8541E2B404100B947FD</key>
		<dict>
			<key>children</key>
			<array>
				<string>E00EE8571E2B408A00B947FD</string>
				<string>E00EE8551E2B405900B947FD</string>
			</array>
			<key>isa</key>
			<string>PBXGroup</string>
			<key>name</key>
			<string>General</string>
			<key>path</key>
			<string>General</string>
			<key>sourceTree</key>
			<string>&lt;group&gt;</string>
		</dict>
		<key>E00EE8551E2B405900B947FD</key>
		<dict>
			<key>fileEncoding</key>
			<string>4</string>
			<key>isa</key>
			<string>PBXFileReference</string>
			<key>lastKnownFileType</key>
			<string>file.xib</string>
			<key>path</key>
			<string>GeneralView.xib</string>
			<key>sourceTree</key>
			<string>&lt;group&gt;</string>
		</dict>
		<key>E00EE8561E2B405900B947FD</key>
		<dict>
			<key>fileRef</key>
			<string>E00EE8551E2B405900B947FD</string>
			<key>isa</key>
			<string>PBXBuildFile</string>
		</dict>
		<key>E00EE8571E2B408A00B947FD</key>
		<dict>
			<key>fileEncoding</key>
			<string>4</string>
			<key>isa</key>
			<string>PBXFileReference</string>
			<key>lastKnownFileType</key>
			<string>sourcecode.swift</string>
			<key>path</key>
			<string>GeneralView.swift</string>
			<key>sourceTree</key>
			<string>&lt;group&gt;</string>
		</dict>
		<key>E00EE8581E2B408A00B947FD</key>
		<dict>
			<key>fileRef</key>
			<string>E00EE8571E2B408A00B947FD</string>
			<key>isa</key>
			<string>PBXBuildFile</string>
		</dict>
		<key>E00EE8591E2B44D800B947FD</key>
		<dict>
			<key>fileEncoding</key>
			<string>4</string>
			<key>isa</key>
			<string>PBXFileReference</string>
			<key>lastKnownFileType</key>
			<string>sourcecode.swift</string>
			<key>path</key>
			<string>UIView.swift</string>
			<key>sourceTree</key>
			<string>&lt;group&gt;</string>
		</dict>
		<key>E00EE85A1E2B44D800B947FD</key>
		<dict>
			<key>fileRef</key>
			<string>E00EE8591E2B44D800B947FD</string>
			<key>isa</key>
			<string>PBXBuildFile</string>
		</dict>
		<key>E00EE85B1E2B53B500B947FD</key>
		<dict>
			<key>children</key>
			<array>
				<string>E00EE8611E2B541200B947FD</string>
				<string>E00EE8601E2B540400B947FD</string>
			</array>
			<key>isa</key>
			<string>PBXGroup</string>
			<key>name</key>
			<string>Cell</string>
			<key>path</key>
			<string>Cell</string>
			<key>sourceTree</key>
			<string>&lt;group&gt;</string>
		</dict>
		<key>E00EE85C1E2B53FD00B947FD</key>
		<dict>
			<key>fileEncoding</key>
			<string>4</string>
			<key>isa</key>
			<string>PBXFileReference</string>
			<key>lastKnownFileType</key>
			<string>sourcecode.swift</string>
			<key>path</key>
			<string>TypeHeaderTableViewCell.swift</string>
			<key>sourceTree</key>
			<string>&lt;group&gt;</string>
		</dict>
		<key>E00EE85D1E2B53FD00B947FD</key>
		<dict>
			<key>fileEncoding</key>
			<string>4</string>
			<key>isa</key>
			<string>PBXFileReference</string>
			<key>lastKnownFileType</key>
			<string>file.xib</string>
			<key>path</key>
			<string>TypeHeaderTableViewCell.xib</string>
			<key>sourceTree</key>
			<string>&lt;group&gt;</string>
		</dict>
		<key>E00EE85E1E2B53FD00B947FD</key>
		<dict>
			<key>fileRef</key>
			<string>E00EE85C1E2B53FD00B947FD</string>
			<key>isa</key>
			<string>PBXBuildFile</string>
		</dict>
		<key>E00EE85F1E2B53FD00B947FD</key>
		<dict>
			<key>fileRef</key>
			<string>E00EE85D1E2B53FD00B947FD</string>
			<key>isa</key>
			<string>PBXBuildFile</string>
		</dict>
		<key>E00EE8601E2B540400B947FD</key>
		<dict>
			<key>children</key>
			<array>
				<string>E00EE85C1E2B53FD00B947FD</string>
				<string>E00EE85D1E2B53FD00B947FD</string>
			</array>
			<key>isa</key>
			<string>PBXGroup</string>
			<key>name</key>
			<string>Type Header</string>
			<key>path</key>
			<string>Type Header</string>
			<key>sourceTree</key>
			<string>&lt;group&gt;</string>
		</dict>
		<key>E00EE8611E2B541200B947FD</key>
		<dict>
			<key>children</key>
			<array>
				<string>E00EE8621E2B542700B947FD</string>
				<string>E00EE8631E2B542700B947FD</string>
			</array>
			<key>isa</key>
			<string>PBXGroup</string>
			<key>name</key>
			<string>Detail</string>
			<key>path</key>
			<string>Detail</string>
			<key>sourceTree</key>
			<string>&lt;group&gt;</string>
		</dict>
		<key>E00EE8621E2B542700B947FD</key>
		<dict>
			<key>fileEncoding</key>
			<string>4</string>
			<key>isa</key>
			<string>PBXFileReference</string>
			<key>lastKnownFileType</key>
			<string>sourcecode.swift</string>
			<key>path</key>
			<string>DetailTableViewCell.swift</string>
			<key>sourceTree</key>
			<string>&lt;group&gt;</string>
		</dict>
		<key>E00EE8631E2B542700B947FD</key>
		<dict>
			<key>fileEncoding</key>
			<string>4</string>
			<key>isa</key>
			<string>PBXFileReference</string>
			<key>lastKnownFileType</key>
			<string>file.xib</string>
			<key>path</key>
			<string>DetailTableViewCell.xib</string>
			<key>sourceTree</key>
			<string>&lt;group&gt;</string>
		</dict>
		<key>E00EE8641E2B542700B947FD</key>
		<dict>
			<key>fileRef</key>
			<string>E00EE8621E2B542700B947FD</string>
			<key>isa</key>
			<string>PBXBuildFile</string>
		</dict>
		<key>E00EE8651E2B542700B947FD</key>
		<dict>
			<key>fileRef</key>
			<string>E00EE8631E2B542700B947FD</string>
			<key>isa</key>
			<string>PBXBuildFile</string>
		</dict>
		<key>E00EE8661E2B6ADC00B947FD</key>
		<dict>
			<key>fileEncoding</key>
			<string>4</string>
			<key>isa</key>
			<string>PBXFileReference</string>
			<key>lastKnownFileType</key>
			<string>sourcecode.swift</string>
			<key>path</key>
			<string>UIButton.swift</string>
			<key>sourceTree</key>
			<string>&lt;group&gt;</string>
		</dict>
		<key>E00EE8671E2B6ADC00B947FD</key>
		<dict>
			<key>fileRef</key>
			<string>E00EE8661E2B6ADC00B947FD</string>
			<key>isa</key>
			<string>PBXBuildFile</string>
		</dict>
		<key>E00EE8681E2B6B5100B947FD</key>
		<dict>
			<key>children</key>
			<array>
				<string>E00EE8691E2B6B6400B947FD</string>
				<string>E00EE86B1E2B6B7100B947FD</string>
			</array>
			<key>isa</key>
			<string>PBXGroup</string>
			<key>name</key>
			<string>Colors</string>
			<key>path</key>
			<string>Colors</string>
			<key>sourceTree</key>
			<string>&lt;group&gt;</string>
		</dict>
		<key>E00EE8691E2B6B6400B947FD</key>
		<dict>
			<key>fileEncoding</key>
			<string>4</string>
			<key>isa</key>
			<string>PBXFileReference</string>
			<key>lastKnownFileType</key>
			<string>text.plist.xml</string>
			<key>path</key>
			<string>Colors.plist</string>
			<key>sourceTree</key>
			<string>&lt;group&gt;</string>
		</dict>
		<key>E00EE86A1E2B6B6400B947FD</key>
		<dict>
			<key>fileRef</key>
			<string>E00EE8691E2B6B6400B947FD</string>
			<key>isa</key>
			<string>PBXBuildFile</string>
		</dict>
		<key>E00EE86B1E2B6B7100B947FD</key>
		<dict>
			<key>fileEncoding</key>
			<string>4</string>
			<key>isa</key>
			<string>PBXFileReference</string>
			<key>lastKnownFileType</key>
			<string>sourcecode.swift</string>
			<key>path</key>
			<string>Colors.swift</string>
			<key>sourceTree</key>
			<string>&lt;group&gt;</string>
		</dict>
		<key>E00EE86C1E2B6B7100B947FD</key>
		<dict>
			<key>fileRef</key>
			<string>E00EE86B1E2B6B7100B947FD</string>
			<key>isa</key>
			<string>PBXBuildFile</string>
		</dict>
		<key>E00EE86D1E2B700A00B947FD</key>
		<dict>
			<key>fileEncoding</key>
			<string>4</string>
			<key>isa</key>
			<string>PBXFileReference</string>
			<key>lastKnownFileType</key>
			<string>sourcecode.swift</string>
			<key>path</key>
			<string>UILabel.swift</string>
			<key>sourceTree</key>
			<string>&lt;group&gt;</string>
		</dict>
		<key>E00EE86E1E2B700A00B947FD</key>
		<dict>
			<key>fileRef</key>
			<string>E00EE86D1E2B700A00B947FD</string>
			<key>isa</key>
			<string>PBXBuildFile</string>
		</dict>
		<key>E00EE86F1E2B72F300B947FD</key>
		<dict>
			<key>fileEncoding</key>
			<string>4</string>
			<key>isa</key>
			<string>PBXFileReference</string>
			<key>lastKnownFileType</key>
			<string>sourcecode.swift</string>
			<key>path</key>
			<string>UIActivityIndicatorView.swift</string>
			<key>sourceTree</key>
			<string>&lt;group&gt;</string>
		</dict>
		<key>E00EE8701E2B72F300B947FD</key>
		<dict>
			<key>fileRef</key>
			<string>E00EE86F1E2B72F300B947FD</string>
			<key>isa</key>
			<string>PBXBuildFile</string>
		</dict>
		<key>E00EE8711E2B738E00B947FD</key>
		<dict>
			<key>fileEncoding</key>
			<string>4</string>
			<key>isa</key>
			<string>PBXFileReference</string>
			<key>lastKnownFileType</key>
			<string>sourcecode.swift</string>
			<key>path</key>
			<string>UITextField.swift</string>
			<key>sourceTree</key>
			<string>&lt;group&gt;</string>
		</dict>
		<key>E00EE8721E2B738E00B947FD</key>
		<dict>
			<key>fileRef</key>
			<string>E00EE8711E2B738E00B947FD</string>
			<key>isa</key>
			<string>PBXBuildFile</string>
		</dict>
		<key>E00EE8731E2B747700B947FD</key>
		<dict>
			<key>fileEncoding</key>
			<string>4</string>
			<key>isa</key>
			<string>PBXFileReference</string>
			<key>lastKnownFileType</key>
			<string>sourcecode.swift</string>
			<key>path</key>
			<string>UIImage.swift</string>
			<key>sourceTree</key>
			<string>&lt;group&gt;</string>
		</dict>
		<key>E00EE8741E2B747700B947FD</key>
		<dict>
			<key>fileRef</key>
			<string>E00EE8731E2B747700B947FD</string>
			<key>isa</key>
			<string>PBXBuildFile</string>
		</dict>
		<key>E05B615A1E2BD16300DF993F</key>
		<dict>
			<key>children</key>
			<array>
				<string>E00EE8451E2AF80700B947FD</string>
			</array>
			<key>isa</key>
			<string>PBXGroup</string>
			<key>name</key>
			<string>api</string>
			<key>path</key>
			<string>api</string>
			<key>sourceTree</key>
			<string>&lt;group&gt;</string>
		</dict>
		<key>E05B615B1E2BD17E00DF993F</key>
		<dict>
			<key>children</key>
			<array>
				<string>E05B615D1E2BD1BD00DF993F</string>
			</array>
			<key>isa</key>
			<string>PBXGroup</string>
			<key>name</key>
			<string>Texts</string>
			<key>path</key>
			<string>Texts</string>
			<key>sourceTree</key>
			<string>&lt;group&gt;</string>
		</dict>
		<key>E05B615D1E2BD1BD00DF993F</key>
		<dict>
			<key>fileEncoding</key>
			<string>4</string>
			<key>isa</key>
			<string>PBXFileReference</string>
			<key>lastKnownFileType</key>
			<string>text.plist.strings</string>
			<key>path</key>
			<string>Localizable.strings</string>
			<key>sourceTree</key>
			<string>&lt;group&gt;</string>
		</dict>
		<key>E05B615E1E2BD1BD00DF993F</key>
		<dict>
			<key>fileRef</key>
			<string>E05B615D1E2BD1BD00DF993F</string>
			<key>isa</key>
			<string>PBXBuildFile</string>
		</dict>
	</dict>
	<key>rootObject</key>
	<string>E00EE8001E2ACE0D00B947FD</string>
</dict>
</plist>
